// !$*UTF8*$!
{
	archiveVersion = 1;
	classes = {
	};
	objectVersion = 50;
	objects = {

/* Begin PBXBuildFile section */
		28CB59CD260197FB00EDD521 /* MyHoursApp.swift in Sources */ = {isa = PBXBuildFile; fileRef = 28CB59CC260197FB00EDD521 /* MyHoursApp.swift */; };
		28CB59D1260197FE00EDD521 /* Assets.xcassets in Resources */ = {isa = PBXBuildFile; fileRef = 28CB59D0260197FE00EDD521 /* Assets.xcassets */; };
		28CB59D4260197FE00EDD521 /* Preview Assets.xcassets in Resources */ = {isa = PBXBuildFile; fileRef = 28CB59D3260197FE00EDD521 /* Preview Assets.xcassets */; };
		28CB59D6260197FE00EDD521 /* Persistence.swift in Sources */ = {isa = PBXBuildFile; fileRef = 28CB59D5260197FE00EDD521 /* Persistence.swift */; };
		28CB59D9260197FE00EDD521 /* MyHours.xcdatamodeld in Sources */ = {isa = PBXBuildFile; fileRef = 28CB59D7260197FE00EDD521 /* MyHours.xcdatamodeld */; };
		28CB59E4260197FE00EDD521 /* MyHoursTests.swift in Sources */ = {isa = PBXBuildFile; fileRef = 28CB59E3260197FE00EDD521 /* MyHoursTests.swift */; };
		28CB59EF260197FE00EDD521 /* MyHoursUITests.swift in Sources */ = {isa = PBXBuildFile; fileRef = 28CB59EE260197FE00EDD521 /* MyHoursUITests.swift */; };
/* End PBXBuildFile section */

/* Begin PBXContainerItemProxy section */
		28CB59E0260197FE00EDD521 /* PBXContainerItemProxy */ = {
			isa = PBXContainerItemProxy;
			containerPortal = 28CB59C1260197FB00EDD521 /* Project object */;
			proxyType = 1;
			remoteGlobalIDString = 28CB59C8260197FB00EDD521;
			remoteInfo = MyHours;
		};
		28CB59EB260197FE00EDD521 /* PBXContainerItemProxy */ = {
			isa = PBXContainerItemProxy;
			containerPortal = 28CB59C1260197FB00EDD521 /* Project object */;
			proxyType = 1;
			remoteGlobalIDString = 28CB59C8260197FB00EDD521;
			remoteInfo = MyHours;
		};
/* End PBXContainerItemProxy section */

/* Begin PBXFileReference section */
		28CB59C9260197FB00EDD521 /* MyHours.app */ = {isa = PBXFileReference; explicitFileType = wrapper.application; includeInIndex = 0; path = MyHours.app; sourceTree = BUILT_PRODUCTS_DIR; };
		28CB59CC260197FB00EDD521 /* MyHoursApp.swift */ = {isa = PBXFileReference; lastKnownFileType = sourcecode.swift; path = MyHoursApp.swift; sourceTree = "<group>"; };
		28CB59D0260197FE00EDD521 /* Assets.xcassets */ = {isa = PBXFileReference; lastKnownFileType = folder.assetcatalog; path = Assets.xcassets; sourceTree = "<group>"; };
		28CB59D3260197FE00EDD521 /* Preview Assets.xcassets */ = {isa = PBXFileReference; lastKnownFileType = folder.assetcatalog; path = "Preview Assets.xcassets"; sourceTree = "<group>"; };
		28CB59D5260197FE00EDD521 /* Persistence.swift */ = {isa = PBXFileReference; lastKnownFileType = sourcecode.swift; path = Persistence.swift; sourceTree = "<group>"; };
		28CB59D8260197FE00EDD521 /* MyHours.xcdatamodel */ = {isa = PBXFileReference; lastKnownFileType = wrapper.xcdatamodel; path = MyHours.xcdatamodel; sourceTree = "<group>"; };
		28CB59DA260197FE00EDD521 /* Info.plist */ = {isa = PBXFileReference; lastKnownFileType = text.plist.xml; path = Info.plist; sourceTree = "<group>"; };
		28CB59DF260197FE00EDD521 /* MyHoursTests.xctest */ = {isa = PBXFileReference; explicitFileType = wrapper.cfbundle; includeInIndex = 0; path = MyHoursTests.xctest; sourceTree = BUILT_PRODUCTS_DIR; };
		28CB59E3260197FE00EDD521 /* MyHoursTests.swift */ = {isa = PBXFileReference; lastKnownFileType = sourcecode.swift; path = MyHoursTests.swift; sourceTree = "<group>"; };
		28CB59E5260197FE00EDD521 /* Info.plist */ = {isa = PBXFileReference; lastKnownFileType = text.plist.xml; path = Info.plist; sourceTree = "<group>"; };
		28CB59EA260197FE00EDD521 /* MyHoursUITests.xctest */ = {isa = PBXFileReference; explicitFileType = wrapper.cfbundle; includeInIndex = 0; path = MyHoursUITests.xctest; sourceTree = BUILT_PRODUCTS_DIR; };
		28CB59EE260197FE00EDD521 /* MyHoursUITests.swift */ = {isa = PBXFileReference; lastKnownFileType = sourcecode.swift; path = MyHoursUITests.swift; sourceTree = "<group>"; };
		28CB59F0260197FE00EDD521 /* Info.plist */ = {isa = PBXFileReference; lastKnownFileType = text.plist.xml; path = Info.plist; sourceTree = "<group>"; };
/* End PBXFileReference section */

/* Begin PBXFrameworksBuildPhase section */
		28CB59C6260197FB00EDD521 /* Frameworks */ = {
			isa = PBXFrameworksBuildPhase;
			buildActionMask = 2147483647;
			files = (
			);
			runOnlyForDeploymentPostprocessing = 0;
		};
		28CB59DC260197FE00EDD521 /* Frameworks */ = {
			isa = PBXFrameworksBuildPhase;
			buildActionMask = 2147483647;
			files = (
			);
			runOnlyForDeploymentPostprocessing = 0;
		};
		28CB59E7260197FE00EDD521 /* Frameworks */ = {
			isa = PBXFrameworksBuildPhase;
			buildActionMask = 2147483647;
			files = (
			);
			runOnlyForDeploymentPostprocessing = 0;
		};
/* End PBXFrameworksBuildPhase section */

/* Begin PBXGroup section */
		28CB59C0260197FB00EDD521 = {
			isa = PBXGroup;
			children = (
				28CB59CB260197FB00EDD521 /* MyHours */,
				28CB59E2260197FE00EDD521 /* MyHoursTests */,
				28CB59ED260197FE00EDD521 /* MyHoursUITests */,
				28CB59CA260197FB00EDD521 /* Products */,
			);
			sourceTree = "<group>";
		};
		28CB59CA260197FB00EDD521 /* Products */ = {
			isa = PBXGroup;
			children = (
				28CB59C9260197FB00EDD521 /* MyHours.app */,
				28CB59DF260197FE00EDD521 /* MyHoursTests.xctest */,
				28CB59EA260197FE00EDD521 /* MyHoursUITests.xctest */,
			);
			name = Products;
			sourceTree = "<group>";
		};
		28CB59CB260197FB00EDD521 /* MyHours */ = {
			isa = PBXGroup;
			children = (
				28CB59CC260197FB00EDD521 /* MyHoursApp.swift */,
				28CB59D0260197FE00EDD521 /* Assets.xcassets */,
				28CB59D5260197FE00EDD521 /* Persistence.swift */,
				28CB59DA260197FE00EDD521 /* Info.plist */,
				28CB59D7260197FE00EDD521 /* MyHours.xcdatamodeld */,
				28CB59D2260197FE00EDD521 /* Preview Content */,
			);
			path = MyHours;
			sourceTree = "<group>";
		};
		28CB59D2260197FE00EDD521 /* Preview Content */ = {
			isa = PBXGroup;
			children = (
				28CB59D3260197FE00EDD521 /* Preview Assets.xcassets */,
			);
			path = "Preview Content";
			sourceTree = "<group>";
		};
		28CB59E2260197FE00EDD521 /* MyHoursTests */ = {
			isa = PBXGroup;
			children = (
				28CB59E3260197FE00EDD521 /* MyHoursTests.swift */,
				28CB59E5260197FE00EDD521 /* Info.plist */,
			);
			path = MyHoursTests;
			sourceTree = "<group>";
		};
		28CB59ED260197FE00EDD521 /* MyHoursUITests */ = {
			isa = PBXGroup;
			children = (
				28CB59EE260197FE00EDD521 /* MyHoursUITests.swift */,
				28CB59F0260197FE00EDD521 /* Info.plist */,
			);
			path = MyHoursUITests;
			sourceTree = "<group>";
		};
/* End PBXGroup section */

/* Begin PBXNativeTarget section */
		28CB59C8260197FB00EDD521 /* MyHours */ = {
			isa = PBXNativeTarget;
			buildConfigurationList = 28CB59F3260197FE00EDD521 /* Build configuration list for PBXNativeTarget "MyHours" */;
			buildPhases = (
				28CB59C5260197FB00EDD521 /* Sources */,
				28CB59C6260197FB00EDD521 /* Frameworks */,
				28CB59C7260197FB00EDD521 /* Resources */,
			);
			buildRules = (
			);
			dependencies = (
			);
			name = MyHours;
			productName = MyHours;
			productReference = 28CB59C9260197FB00EDD521 /* MyHours.app */;
			productType = "com.apple.product-type.application";
		};
		28CB59DE260197FE00EDD521 /* MyHoursTests */ = {
			isa = PBXNativeTarget;
			buildConfigurationList = 28CB59F6260197FE00EDD521 /* Build configuration list for PBXNativeTarget "MyHoursTests" */;
			buildPhases = (
				28CB59DB260197FE00EDD521 /* Sources */,
				28CB59DC260197FE00EDD521 /* Frameworks */,
				28CB59DD260197FE00EDD521 /* Resources */,
			);
			buildRules = (
			);
			dependencies = (
				28CB59E1260197FE00EDD521 /* PBXTargetDependency */,
			);
			name = MyHoursTests;
			productName = MyHoursTests;
			productReference = 28CB59DF260197FE00EDD521 /* MyHoursTests.xctest */;
			productType = "com.apple.product-type.bundle.unit-test";
		};
		28CB59E9260197FE00EDD521 /* MyHoursUITests */ = {
			isa = PBXNativeTarget;
			buildConfigurationList = 28CB59F9260197FE00EDD521 /* Build configuration list for PBXNativeTarget "MyHoursUITests" */;
			buildPhases = (
				28CB59E6260197FE00EDD521 /* Sources */,
				28CB59E7260197FE00EDD521 /* Frameworks */,
				28CB59E8260197FE00EDD521 /* Resources */,
			);
			buildRules = (
			);
			dependencies = (
				28CB59EC260197FE00EDD521 /* PBXTargetDependency */,
			);
			name = MyHoursUITests;
			productName = MyHoursUITests;
			productReference = 28CB59EA260197FE00EDD521 /* MyHoursUITests.xctest */;
			productType = "com.apple.product-type.bundle.ui-testing";
		};
/* End PBXNativeTarget section */

/* Begin PBXProject section */
		28CB59C1260197FB00EDD521 /* Project object */ = {
			isa = PBXProject;
			attributes = {
				LastSwiftUpdateCheck = 1240;
				LastUpgradeCheck = 1240;
				TargetAttributes = {
					28CB59C8260197FB00EDD521 = {
						CreatedOnToolsVersion = 12.4;
					};
					28CB59DE260197FE00EDD521 = {
						CreatedOnToolsVersion = 12.4;
						TestTargetID = 28CB59C8260197FB00EDD521;
					};
					28CB59E9260197FE00EDD521 = {
						CreatedOnToolsVersion = 12.4;
						TestTargetID = 28CB59C8260197FB00EDD521;
					};
				};
			};
			buildConfigurationList = 28CB59C4260197FB00EDD521 /* Build configuration list for PBXProject "MyHours" */;
			compatibilityVersion = "Xcode 9.3";
			developmentRegion = en;
			hasScannedForEncodings = 0;
			knownRegions = (
				en,
				Base,
			);
			mainGroup = 28CB59C0260197FB00EDD521;
			productRefGroup = 28CB59CA260197FB00EDD521 /* Products */;
			projectDirPath = "";
			projectRoot = "";
			targets = (
				28CB59C8260197FB00EDD521 /* MyHours */,
				28CB59DE260197FE00EDD521 /* MyHoursTests */,
				28CB59E9260197FE00EDD521 /* MyHoursUITests */,
			);
		};
/* End PBXProject section */

/* Begin PBXResourcesBuildPhase section */
		28CB59C7260197FB00EDD521 /* Resources */ = {
			isa = PBXResourcesBuildPhase;
			buildActionMask = 2147483647;
			files = (
				28CB59D4260197FE00EDD521 /* Preview Assets.xcassets in Resources */,
				28CB59D1260197FE00EDD521 /* Assets.xcassets in Resources */,
			);
			runOnlyForDeploymentPostprocessing = 0;
		};
		28CB59DD260197FE00EDD521 /* Resources */ = {
			isa = PBXResourcesBuildPhase;
			buildActionMask = 2147483647;
			files = (
			);
			runOnlyForDeploymentPostprocessing = 0;
		};
		28CB59E8260197FE00EDD521 /* Resources */ = {
			isa = PBXResourcesBuildPhase;
			buildActionMask = 2147483647;
			files = (
			);
			runOnlyForDeploymentPostprocessing = 0;
		};
/* End PBXResourcesBuildPhase section */

/* Begin PBXSourcesBuildPhase section */
		28CB59C5260197FB00EDD521 /* Sources */ = {
			isa = PBXSourcesBuildPhase;
			buildActionMask = 2147483647;
			files = (
				28CB59D6260197FE00EDD521 /* Persistence.swift in Sources */,
				28CB59CD260197FB00EDD521 /* MyHoursApp.swift in Sources */,
				28CB59D9260197FE00EDD521 /* MyHours.xcdatamodeld in Sources */,
			);
			runOnlyForDeploymentPostprocessing = 0;
		};
		28CB59DB260197FE00EDD521 /* Sources */ = {
			isa = PBXSourcesBuildPhase;
			buildActionMask = 2147483647;
			files = (
				28CB59E4260197FE00EDD521 /* MyHoursTests.swift in Sources */,
			);
			runOnlyForDeploymentPostprocessing = 0;
		};
		28CB59E6260197FE00EDD521 /* Sources */ = {
			isa = PBXSourcesBuildPhase;
			buildActionMask = 2147483647;
			files = (
				28CB59EF260197FE00EDD521 /* MyHoursUITests.swift in Sources */,
			);
			runOnlyForDeploymentPostprocessing = 0;
		};
/* End PBXSourcesBuildPhase section */

/* Begin PBXTargetDependency section */
		28CB59E1260197FE00EDD521 /* PBXTargetDependency */ = {
			isa = PBXTargetDependency;
			target = 28CB59C8260197FB00EDD521 /* MyHours */;
			targetProxy = 28CB59E0260197FE00EDD521 /* PBXContainerItemProxy */;
		};
		28CB59EC260197FE00EDD521 /* PBXTargetDependency */ = {
			isa = PBXTargetDependency;
			target = 28CB59C8260197FB00EDD521 /* MyHours */;
			targetProxy = 28CB59EB260197FE00EDD521 /* PBXContainerItemProxy */;
		};
/* End PBXTargetDependency section */

/* Begin XCBuildConfiguration section */
		28CB59F1260197FE00EDD521 /* Debug */ = {
			isa = XCBuildConfiguration;
			buildSettings = {
				ALWAYS_SEARCH_USER_PATHS = NO;
				CLANG_ANALYZER_NONNULL = YES;
				CLANG_ANALYZER_NUMBER_OBJECT_CONVERSION = YES_AGGRESSIVE;
				CLANG_CXX_LANGUAGE_STANDARD = "gnu++14";
				CLANG_CXX_LIBRARY = "libc++";
				CLANG_ENABLE_MODULES = YES;
				CLANG_ENABLE_OBJC_ARC = YES;
				CLANG_ENABLE_OBJC_WEAK = YES;
				CLANG_WARN_BLOCK_CAPTURE_AUTORELEASING = YES;
				CLANG_WARN_BOOL_CONVERSION = YES;
				CLANG_WARN_COMMA = YES;
				CLANG_WARN_CONSTANT_CONVERSION = YES;
				CLANG_WARN_DEPRECATED_OBJC_IMPLEMENTATIONS = YES;
				CLANG_WARN_DIRECT_OBJC_ISA_USAGE = YES_ERROR;
				CLANG_WARN_DOCUMENTATION_COMMENTS = YES;
				CLANG_WARN_EMPTY_BODY = YES;
				CLANG_WARN_ENUM_CONVERSION = YES;
				CLANG_WARN_INFINITE_RECURSION = YES;
				CLANG_WARN_INT_CONVERSION = YES;
				CLANG_WARN_NON_LITERAL_NULL_CONVERSION = YES;
				CLANG_WARN_OBJC_IMPLICIT_RETAIN_SELF = YES;
				CLANG_WARN_OBJC_LITERAL_CONVERSION = YES;
				CLANG_WARN_OBJC_ROOT_CLASS = YES_ERROR;
				CLANG_WARN_QUOTED_INCLUDE_IN_FRAMEWORK_HEADER = YES;
				CLANG_WARN_RANGE_LOOP_ANALYSIS = YES;
				CLANG_WARN_STRICT_PROTOTYPES = YES;
				CLANG_WARN_SUSPICIOUS_MOVE = YES;
				CLANG_WARN_UNGUARDED_AVAILABILITY = YES_AGGRESSIVE;
				CLANG_WARN_UNREACHABLE_CODE = YES;
				CLANG_WARN__DUPLICATE_METHOD_MATCH = YES;
				COPY_PHASE_STRIP = NO;
				DEBUG_INFORMATION_FORMAT = dwarf;
				ENABLE_STRICT_OBJC_MSGSEND = YES;
				ENABLE_TESTABILITY = YES;
				GCC_C_LANGUAGE_STANDARD = gnu11;
				GCC_DYNAMIC_NO_PIC = NO;
				GCC_NO_COMMON_BLOCKS = YES;
				GCC_OPTIMIZATION_LEVEL = 0;
				GCC_PREPROCESSOR_DEFINITIONS = (
					"DEBUG=1",
					"$(inherited)",
				);
				GCC_WARN_64_TO_32_BIT_CONVERSION = YES;
				GCC_WARN_ABOUT_RETURN_TYPE = YES_ERROR;
				GCC_WARN_UNDECLARED_SELECTOR = YES;
				GCC_WARN_UNINITIALIZED_AUTOS = YES_AGGRESSIVE;
				GCC_WARN_UNUSED_FUNCTION = YES;
				GCC_WARN_UNUSED_VARIABLE = YES;
				IPHONEOS_DEPLOYMENT_TARGET = 14.4;
				MTL_ENABLE_DEBUG_INFO = INCLUDE_SOURCE;
				MTL_FAST_MATH = YES;
				ONLY_ACTIVE_ARCH = YES;
				SDKROOT = iphoneos;
				SWIFT_ACTIVE_COMPILATION_CONDITIONS = DEBUG;
				SWIFT_OPTIMIZATION_LEVEL = "-Onone";
			};
			name = Debug;
		};
		28CB59F2260197FE00EDD521 /* Release */ = {
			isa = XCBuildConfiguration;
			buildSettings = {
				ALWAYS_SEARCH_USER_PATHS = NO;
				CLANG_ANALYZER_NONNULL = YES;
				CLANG_ANALYZER_NUMBER_OBJECT_CONVERSION = YES_AGGRESSIVE;
				CLANG_CXX_LANGUAGE_STANDARD = "gnu++14";
				CLANG_CXX_LIBRARY = "libc++";
				CLANG_ENABLE_MODULES = YES;
				CLANG_ENABLE_OBJC_ARC = YES;
				CLANG_ENABLE_OBJC_WEAK = YES;
				CLANG_WARN_BLOCK_CAPTURE_AUTORELEASING = YES;
				CLANG_WARN_BOOL_CONVERSION = YES;
				CLANG_WARN_COMMA = YES;
				CLANG_WARN_CONSTANT_CONVERSION = YES;
				CLANG_WARN_DEPRECATED_OBJC_IMPLEMENTATIONS = YES;
				CLANG_WARN_DIRECT_OBJC_ISA_USAGE = YES_ERROR;
				CLANG_WARN_DOCUMENTATION_COMMENTS = YES;
				CLANG_WARN_EMPTY_BODY = YES;
				CLANG_WARN_ENUM_CONVERSION = YES;
				CLANG_WARN_INFINITE_RECURSION = YES;
				CLANG_WARN_INT_CONVERSION = YES;
				CLANG_WARN_NON_LITERAL_NULL_CONVERSION = YES;
				CLANG_WARN_OBJC_IMPLICIT_RETAIN_SELF = YES;
				CLANG_WARN_OBJC_LITERAL_CONVERSION = YES;
				CLANG_WARN_OBJC_ROOT_CLASS = YES_ERROR;
				CLANG_WARN_QUOTED_INCLUDE_IN_FRAMEWORK_HEADER = YES;
				CLANG_WARN_RANGE_LOOP_ANALYSIS = YES;
				CLANG_WARN_STRICT_PROTOTYPES = YES;
				CLANG_WARN_SUSPICIOUS_MOVE = YES;
				CLANG_WARN_UNGUARDED_AVAILABILITY = YES_AGGRESSIVE;
				CLANG_WARN_UNREACHABLE_CODE = YES;
				CLANG_WARN__DUPLICATE_METHOD_MATCH = YES;
				COPY_PHASE_STRIP = NO;
				DEBUG_INFORMATION_FORMAT = "dwarf-with-dsym";
				ENABLE_NS_ASSERTIONS = NO;
				ENABLE_STRICT_OBJC_MSGSEND = YES;
				GCC_C_LANGUAGE_STANDARD = gnu11;
				GCC_NO_COMMON_BLOCKS = YES;
				GCC_WARN_64_TO_32_BIT_CONVERSION = YES;
				GCC_WARN_ABOUT_RETURN_TYPE = YES_ERROR;
				GCC_WARN_UNDECLARED_SELECTOR = YES;
				GCC_WARN_UNINITIALIZED_AUTOS = YES_AGGRESSIVE;
				GCC_WARN_UNUSED_FUNCTION = YES;
				GCC_WARN_UNUSED_VARIABLE = YES;
				IPHONEOS_DEPLOYMENT_TARGET = 14.4;
				MTL_ENABLE_DEBUG_INFO = NO;
				MTL_FAST_MATH = YES;
				SDKROOT = iphoneos;
				SWIFT_COMPILATION_MODE = wholemodule;
				SWIFT_OPTIMIZATION_LEVEL = "-O";
				VALIDATE_PRODUCT = YES;
			};
			name = Release;
		};
		28CB59F4260197FE00EDD521 /* Debug */ = {
			isa = XCBuildConfiguration;
			buildSettings = {
				ASSETCATALOG_COMPILER_APPICON_NAME = AppIcon;
				ASSETCATALOG_COMPILER_GLOBAL_ACCENT_COLOR_NAME = AccentColor;
				CODE_SIGN_STYLE = Automatic;
				DEVELOPMENT_ASSET_PATHS = "\"MyHours/Preview Content\"";
				ENABLE_PREVIEWS = YES;
				INFOPLIST_FILE = MyHours/Info.plist;
				IPHONEOS_DEPLOYMENT_TARGET = 14.0;
				LD_RUNPATH_SEARCH_PATHS = (
					"$(inherited)",
					"@executable_path/Frameworks",
				);
				PRODUCT_BUNDLE_IDENTIFIER = report.com.MyHours;
				PRODUCT_NAME = "$(TARGET_NAME)";
				SWIFT_VERSION = 5.0;
				TARGETED_DEVICE_FAMILY = "1,2";
			};
			name = Debug;
		};
		28CB59F5260197FE00EDD521 /* Release */ = {
			isa = XCBuildConfiguration;
			buildSettings = {
				ASSETCATALOG_COMPILER_APPICON_NAME = AppIcon;
				ASSETCATALOG_COMPILER_GLOBAL_ACCENT_COLOR_NAME = AccentColor;
				CODE_SIGN_STYLE = Automatic;
				DEVELOPMENT_ASSET_PATHS = "\"MyHours/Preview Content\"";
				ENABLE_PREVIEWS = YES;
				INFOPLIST_FILE = MyHours/Info.plist;
				IPHONEOS_DEPLOYMENT_TARGET = 14.0;
				LD_RUNPATH_SEARCH_PATHS = (
					"$(inherited)",
					"@executable_path/Frameworks",
				);
				PRODUCT_BUNDLE_IDENTIFIER = report.com.MyHours;
				PRODUCT_NAME = "$(TARGET_NAME)";
				SWIFT_VERSION = 5.0;
				TARGETED_DEVICE_FAMILY = "1,2";
			};
			name = Release;
		};
		28CB59F7260197FE00EDD521 /* Debug */ = {
			isa = XCBuildConfiguration;
			buildSettings = {
				ALWAYS_EMBED_SWIFT_STANDARD_LIBRARIES = YES;
				BUNDLE_LOADER = "$(TEST_HOST)";
				CODE_SIGN_STYLE = Automatic;
				INFOPLIST_FILE = MyHoursTests/Info.plist;
				IPHONEOS_DEPLOYMENT_TARGET = 14.0;
				LD_RUNPATH_SEARCH_PATHS = (
					"$(inherited)",
					"@executable_path/Frameworks",
					"@loader_path/Frameworks",
				);
				PRODUCT_BUNDLE_IDENTIFIER = report.com.MyHoursTests;
				PRODUCT_NAME = "$(TARGET_NAME)";
				SWIFT_VERSION = 5.0;
				TARGETED_DEVICE_FAMILY = "1,2";
				TEST_HOST = "$(BUILT_PRODUCTS_DIR)/MyHours.app/MyHours";
			};
			name = Debug;
		};
		28CB59F8260197FE00EDD521 /* Release */ = {
			isa = XCBuildConfiguration;
			buildSettings = {
				ALWAYS_EMBED_SWIFT_STANDARD_LIBRARIES = YES;
				BUNDLE_LOADER = "$(TEST_HOST)";
				CODE_SIGN_STYLE = Automatic;
				INFOPLIST_FILE = MyHoursTests/Info.plist;
				IPHONEOS_DEPLOYMENT_TARGET = 14.0;
				LD_RUNPATH_SEARCH_PATHS = (
					"$(inherited)",
					"@executable_path/Frameworks",
					"@loader_path/Frameworks",
				);
				PRODUCT_BUNDLE_IDENTIFIER = report.com.MyHoursTests;
				PRODUCT_NAME = "$(TARGET_NAME)";
				SWIFT_VERSION = 5.0;
				TARGETED_DEVICE_FAMILY = "1,2";
				TEST_HOST = "$(BUILT_PRODUCTS_DIR)/MyHours.app/MyHours";
			};
			name = Release;
		};
		28CB59FA260197FE00EDD521 /* Debug */ = {
			isa = XCBuildConfiguration;
			buildSettings = {
				ALWAYS_EMBED_SWIFT_STANDARD_LIBRARIES = YES;
				CODE_SIGN_STYLE = Automatic;
				INFOPLIST_FILE = MyHoursUITests/Info.plist;
				LD_RUNPATH_SEARCH_PATHS = (
					"$(inherited)",
					"@executable_path/Frameworks",
					"@loader_path/Frameworks",
				);
				PRODUCT_BUNDLE_IDENTIFIER = report.com.MyHoursUITests;
				PRODUCT_NAME = "$(TARGET_NAME)";
				SWIFT_VERSION = 5.0;
				TARGETED_DEVICE_FAMILY = "1,2";
				TEST_TARGET_NAME = MyHours;
			};
			name = Debug;
		};
		28CB59FB260197FE00EDD521 /* Release */ = {
			isa = XCBuildConfiguration;
			buildSettings = {
				ALWAYS_EMBED_SWIFT_STANDARD_LIBRARIES = YES;
				CODE_SIGN_STYLE = Automatic;
				INFOPLIST_FILE = MyHoursUITests/Info.plist;
				LD_RUNPATH_SEARCH_PATHS = (
					"$(inherited)",
					"@executable_path/Frameworks",
					"@loader_path/Frameworks",
				);
				PRODUCT_BUNDLE_IDENTIFIER = report.com.MyHoursUITests;
				PRODUCT_NAME = "$(TARGET_NAME)";
				SWIFT_VERSION = 5.0;
				TARGETED_DEVICE_FAMILY = "1,2";
				TEST_TARGET_NAME = MyHours;
			};
			name = Release;
		};
/* End XCBuildConfiguration section */

/* Begin XCConfigurationList section */
		28CB59C4260197FB00EDD521 /* Build configuration list for PBXProject "MyHours" */ = {
			isa = XCConfigurationList;
			buildConfigurations = (
				28CB59F1260197FE00EDD521 /* Debug */,
				28CB59F2260197FE00EDD521 /* Release */,
			);
			defaultConfigurationIsVisible = 0;
			defaultConfigurationName = Release;
		};
		28CB59F3260197FE00EDD521 /* Build configuration list for PBXNativeTarget "MyHours" */ = {
			isa = XCConfigurationList;
			buildConfigurations = (
				28CB59F4260197FE00EDD521 /* Debug */,
				28CB59F5260197FE00EDD521 /* Release */,
			);
			defaultConfigurationIsVisible = 0;
			defaultConfigurationName = Release;
		};
		28CB59F6260197FE00EDD521 /* Build configuration list for PBXNativeTarget "MyHoursTests" */ = {
			isa = XCConfigurationList;
			buildConfigurations = (
				28CB59F7260197FE00EDD521 /* Debug */,
				28CB59F8260197FE00EDD521 /* Release */,
			);
			defaultConfigurationIsVisible = 0;
			defaultConfigurationName = Release;
		};
		28CB59F9260197FE00EDD521 /* Build configuration list for PBXNativeTarget "MyHoursUITests" */ = {
			isa = XCConfigurationList;
			buildConfigurations = (
				28CB59FA260197FE00EDD521 /* Debug */,
				28CB59FB260197FE00EDD521 /* Release */,
			);
			defaultConfigurationIsVisible = 0;
			defaultConfigurationName = Release;
		};
/* End XCConfigurationList section */

/* Begin XCVersionGroup section */
		28CB59D7260197FE00EDD521 /* MyHours.xcdatamodeld */ = {
			isa = XCVersionGroup;
			children = (
				28CB59D8260197FE00EDD521 /* MyHours.xcdatamodel */,
			);
			currentVersion = 28CB59D8260197FE00EDD521 /* MyHours.xcdatamodel */;
			path = MyHours.xcdatamodeld;
			sourceTree = "<group>";
			versionGroupType = wrapper.xcdatamodel;
		};
/* End XCVersionGroup section */
	};
	rootObject = 28CB59C1260197FB00EDD521 /* Project object */;
}
